// !$*UTF8*$!
{
	archiveVersion = 1;
	classes = {
	};
	objectVersion = 46;
	objects = {

/* Begin PBXBuildFile section */
		909FED5B1EA8B6D4007C846D /* ZRARPTableViewController.m in Sources */ = {isa = PBXBuildFile; fileRef = 909FED5A1EA8B6D4007C846D /* ZRARPTableViewController.m */; };
		90B5EA0D1EBB221E00868A3E /* ZRArpTableModel.m in Sources */ = {isa = PBXBuildFile; fileRef = 90B5EA081EBB221E00868A3E /* ZRArpTableModel.m */; };
		90B5EA0E1EBB221E00868A3E /* ZRArpTableUtil.m in Sources */ = {isa = PBXBuildFile; fileRef = 90B5EA0A1EBB221E00868A3E /* ZRArpTableUtil.m */; };
		90B5EA0F1EBB221E00868A3E /* ZRArpUtil.m in Sources */ = {isa = PBXBuildFile; fileRef = 90B5EA0C1EBB221E00868A3E /* ZRArpUtil.m */; };
		90B5EA121EBB223E00868A3E /* ZRMacAddrOperation.m in Sources */ = {isa = PBXBuildFile; fileRef = 90B5EA111EBB223E00868A3E /* ZRMacAddrOperation.m */; };
		90B5EA151EBB224A00868A3E /* ZRPingOperation.m in Sources */ = {isa = PBXBuildFile; fileRef = 90B5EA141EBB224A00868A3E /* ZRPingOperation.m */; };
		90B5EA1B1EBB2ADB00868A3E /* SimplePing.m in Sources */ = {isa = PBXBuildFile; fileRef = 90B5EA1A1EBB2ADB00868A3E /* SimplePing.m */; };
		90CBECE71EA77CA500A8D60F /* main.m in Sources */ = {isa = PBXBuildFile; fileRef = 90CBECE61EA77CA500A8D60F /* main.m */; };
		90CBECEA1EA77CA500A8D60F /* AppDelegate.m in Sources */ = {isa = PBXBuildFile; fileRef = 90CBECE91EA77CA500A8D60F /* AppDelegate.m */; };
		90CBECED1EA77CA500A8D60F /* MainViewController.m in Sources */ = {isa = PBXBuildFile; fileRef = 90CBECEC1EA77CA500A8D60F /* MainViewController.m */; };
		90CBECF01EA77CA500A8D60F /* Main.storyboard in Resources */ = {isa = PBXBuildFile; fileRef = 90CBECEE1EA77CA500A8D60F /* Main.storyboard */; };
		90CBECF21EA77CA500A8D60F /* Assets.xcassets in Resources */ = {isa = PBXBuildFile; fileRef = 90CBECF11EA77CA500A8D60F /* Assets.xcassets */; };
		90CBECF51EA77CA500A8D60F /* LaunchScreen.storyboard in Resources */ = {isa = PBXBuildFile; fileRef = 90CBECF31EA77CA500A8D60F /* LaunchScreen.storyboard */; };
		90CBED0E1EA7879300A8D60F /* ifconfig.m in Sources */ = {isa = PBXBuildFile; fileRef = 90CBED0B1EA7879300A8D60F /* ifconfig.m */; };
		90CBED0F1EA7879300A8D60F /* ZRNetworkConfiguration.m in Sources */ = {isa = PBXBuildFile; fileRef = 90CBED0D1EA7879300A8D60F /* ZRNetworkConfiguration.m */; };
		90CBED121EA788BE00A8D60F /* ZRCarrierViewController.m in Sources */ = {isa = PBXBuildFile; fileRef = 90CBED111EA788BE00A8D60F /* ZRCarrierViewController.m */; };
		90CBED151EA7897200A8D60F /* ZRSignalViewController.m in Sources */ = {isa = PBXBuildFile; fileRef = 90CBED141EA7897200A8D60F /* ZRSignalViewController.m */; };
		90CBED181EA7898300A8D60F /* ZRNetworkSignalViewController.m in Sources */ = {isa = PBXBuildFile; fileRef = 90CBED171EA7898300A8D60F /* ZRNetworkSignalViewController.m */; };
		90CBED1B1EA7898E00A8D60F /* ZRSSIDViewController.m in Sources */ = {isa = PBXBuildFile; fileRef = 90CBED1A1EA7898E00A8D60F /* ZRSSIDViewController.m */; };
		90CBED1E1EA7899E00A8D60F /* ZRifconfigViewController.m in Sources */ = {isa = PBXBuildFile; fileRef = 90CBED1D1EA7899E00A8D60F /* ZRifconfigViewController.m */; };
		90CBED211EA789A800A8D60F /* ZRWifiListTableViewController.m in Sources */ = {isa = PBXBuildFile; fileRef = 90CBED201EA789A800A8D60F /* ZRWifiListTableViewController.m */; };
		90D1B65D1EBB387A0037F211 /* NetworkCardsDatabase.json in Resources */ = {isa = PBXBuildFile; fileRef = 90D1B65C1EBB387A0037F211 /* NetworkCardsDatabase.json */; };
/* End PBXBuildFile section */

/* Begin PBXFileReference section */
		909FED521EA8B55C007C846D /* if_arp.h */ = {isa = PBXFileReference; fileEncoding = 4; lastKnownFileType = sourcecode.c.h; path = if_arp.h; sourceTree = "<group>"; };
		909FED531EA8B55C007C846D /* if_ether.h */ = {isa = PBXFileReference; fileEncoding = 4; lastKnownFileType = sourcecode.c.h; path = if_ether.h; sourceTree = "<group>"; };
		909FED541EA8B55C007C846D /* if_types.h */ = {isa = PBXFileReference; fileEncoding = 4; lastKnownFileType = sourcecode.c.h; path = if_types.h; sourceTree = "<group>"; };
		909FED551EA8B55C007C846D /* route.h */ = {isa = PBXFileReference; fileEncoding = 4; lastKnownFileType = sourcecode.c.h; path = route.h; sourceTree = "<group>"; };
		909FED591EA8B6D4007C846D /* ZRARPTableViewController.h */ = {isa = PBXFileReference; fileEncoding = 4; lastKnownFileType = sourcecode.c.h; path = ZRARPTableViewController.h; sourceTree = "<group>"; };
		909FED5A1EA8B6D4007C846D /* ZRARPTableViewController.m */ = {isa = PBXFileReference; fileEncoding = 4; lastKnownFileType = sourcecode.c.objc; path = ZRARPTableViewController.m; sourceTree = "<group>"; };
		90B5EA071EBB221E00868A3E /* ZRArpTableModel.h */ = {isa = PBXFileReference; fileEncoding = 4; lastKnownFileType = sourcecode.c.h; path = ZRArpTableModel.h; sourceTree = "<group>"; };
		90B5EA081EBB221E00868A3E /* ZRArpTableModel.m */ = {isa = PBXFileReference; fileEncoding = 4; lastKnownFileType = sourcecode.c.objc; path = ZRArpTableModel.m; sourceTree = "<group>"; };
		90B5EA091EBB221E00868A3E /* ZRArpTableUtil.h */ = {isa = PBXFileReference; fileEncoding = 4; lastKnownFileType = sourcecode.c.h; path = ZRArpTableUtil.h; sourceTree = "<group>"; };
		90B5EA0A1EBB221E00868A3E /* ZRArpTableUtil.m */ = {isa = PBXFileReference; fileEncoding = 4; lastKnownFileType = sourcecode.c.objc; path = ZRArpTableUtil.m; sourceTree = "<group>"; };
		90B5EA0B1EBB221E00868A3E /* ZRArpUtil.h */ = {isa = PBXFileReference; fileEncoding = 4; lastKnownFileType = sourcecode.c.h; path = ZRArpUtil.h; sourceTree = "<group>"; };
		90B5EA0C1EBB221E00868A3E /* ZRArpUtil.m */ = {isa = PBXFileReference; fileEncoding = 4; lastKnownFileType = sourcecode.c.objc; path = ZRArpUtil.m; sourceTree = "<group>"; };
		90B5EA101EBB223E00868A3E /* ZRMacAddrOperation.h */ = {isa = PBXFileReference; fileEncoding = 4; lastKnownFileType = sourcecode.c.h; path = ZRMacAddrOperation.h; sourceTree = "<group>"; };
		90B5EA111EBB223E00868A3E /* ZRMacAddrOperation.m */ = {isa = PBXFileReference; fileEncoding = 4; lastKnownFileType = sourcecode.c.objc; path = ZRMacAddrOperation.m; sourceTree = "<group>"; };
		90B5EA131EBB224A00868A3E /* ZRPingOperation.h */ = {isa = PBXFileReference; fileEncoding = 4; lastKnownFileType = sourcecode.c.h; path = ZRPingOperation.h; sourceTree = "<group>"; };
		90B5EA141EBB224A00868A3E /* ZRPingOperation.m */ = {isa = PBXFileReference; fileEncoding = 4; lastKnownFileType = sourcecode.c.objc; path = ZRPingOperation.m; sourceTree = "<group>"; };
		90B5EA191EBB2ADB00868A3E /* SimplePing.h */ = {isa = PBXFileReference; fileEncoding = 4; lastKnownFileType = sourcecode.c.h; path = SimplePing.h; sourceTree = "<group>"; };
		90B5EA1A1EBB2ADB00868A3E /* SimplePing.m */ = {isa = PBXFileReference; fileEncoding = 4; lastKnownFileType = sourcecode.c.objc; path = SimplePing.m; sourceTree = "<group>"; };
		90CBECE21EA77CA500A8D60F /* ZRNetworkSignalOC.app */ = {isa = PBXFileReference; explicitFileType = wrapper.application; includeInIndex = 0; path = ZRNetworkSignalOC.app; sourceTree = BUILT_PRODUCTS_DIR; };
		90CBECE61EA77CA500A8D60F /* main.m */ = {isa = PBXFileReference; lastKnownFileType = sourcecode.c.objc; path = main.m; sourceTree = "<group>"; };
		90CBECE81EA77CA500A8D60F /* AppDelegate.h */ = {isa = PBXFileReference; lastKnownFileType = sourcecode.c.h; path = AppDelegate.h; sourceTree = "<group>"; };
		90CBECE91EA77CA500A8D60F /* AppDelegate.m */ = {isa = PBXFileReference; lastKnownFileType = sourcecode.c.objc; path = AppDelegate.m; sourceTree = "<group>"; };
		90CBECEB1EA77CA500A8D60F /* MainViewController.h */ = {isa = PBXFileReference; lastKnownFileType = sourcecode.c.h; path = MainViewController.h; sourceTree = "<group>"; };
		90CBECEC1EA77CA500A8D60F /* MainViewController.m */ = {isa = PBXFileReference; lastKnownFileType = sourcecode.c.objc; path = MainViewController.m; sourceTree = "<group>"; };
		90CBECEF1EA77CA500A8D60F /* Base */ = {isa = PBXFileReference; lastKnownFileType = file.storyboard; name = Base; path = Base.lproj/Main.storyboard; sourceTree = "<group>"; };
		90CBECF11EA77CA500A8D60F /* Assets.xcassets */ = {isa = PBXFileReference; lastKnownFileType = folder.assetcatalog; path = Assets.xcassets; sourceTree = "<group>"; };
		90CBECF41EA77CA500A8D60F /* Base */ = {isa = PBXFileReference; lastKnownFileType = file.storyboard; name = Base; path = Base.lproj/LaunchScreen.storyboard; sourceTree = "<group>"; };
		90CBECF61EA77CA500A8D60F /* Info.plist */ = {isa = PBXFileReference; lastKnownFileType = text.plist.xml; path = Info.plist; sourceTree = "<group>"; };
		90CBED0A1EA7879300A8D60F /* ifconfig.h */ = {isa = PBXFileReference; fileEncoding = 4; lastKnownFileType = sourcecode.c.h; path = ifconfig.h; sourceTree = "<group>"; };
		90CBED0B1EA7879300A8D60F /* ifconfig.m */ = {isa = PBXFileReference; fileEncoding = 4; lastKnownFileType = sourcecode.c.objc; path = ifconfig.m; sourceTree = "<group>"; };
		90CBED0C1EA7879300A8D60F /* ZRNetworkConfiguration.h */ = {isa = PBXFileReference; fileEncoding = 4; lastKnownFileType = sourcecode.c.h; path = ZRNetworkConfiguration.h; sourceTree = "<group>"; };
		90CBED0D1EA7879300A8D60F /* ZRNetworkConfiguration.m */ = {isa = PBXFileReference; fileEncoding = 4; lastKnownFileType = sourcecode.c.objc; path = ZRNetworkConfiguration.m; sourceTree = "<group>"; };
		90CBED101EA788BE00A8D60F /* ZRCarrierViewController.h */ = {isa = PBXFileReference; fileEncoding = 4; lastKnownFileType = sourcecode.c.h; path = ZRCarrierViewController.h; sourceTree = "<group>"; };
		90CBED111EA788BE00A8D60F /* ZRCarrierViewController.m */ = {isa = PBXFileReference; fileEncoding = 4; lastKnownFileType = sourcecode.c.objc; path = ZRCarrierViewController.m; sourceTree = "<group>"; };
		90CBED131EA7897200A8D60F /* ZRSignalViewController.h */ = {isa = PBXFileReference; fileEncoding = 4; lastKnownFileType = sourcecode.c.h; path = ZRSignalViewController.h; sourceTree = "<group>"; };
		90CBED141EA7897200A8D60F /* ZRSignalViewController.m */ = {isa = PBXFileReference; fileEncoding = 4; lastKnownFileType = sourcecode.c.objc; path = ZRSignalViewController.m; sourceTree = "<group>"; };
		90CBED161EA7898300A8D60F /* ZRNetworkSignalViewController.h */ = {isa = PBXFileReference; fileEncoding = 4; lastKnownFileType = sourcecode.c.h; path = ZRNetworkSignalViewController.h; sourceTree = "<group>"; };
		90CBED171EA7898300A8D60F /* ZRNetworkSignalViewController.m */ = {isa = PBXFileReference; fileEncoding = 4; lastKnownFileType = sourcecode.c.objc; path = ZRNetworkSignalViewController.m; sourceTree = "<group>"; };
		90CBED191EA7898E00A8D60F /* ZRSSIDViewController.h */ = {isa = PBXFileReference; fileEncoding = 4; lastKnownFileType = sourcecode.c.h; path = ZRSSIDViewController.h; sourceTree = "<group>"; };
		90CBED1A1EA7898E00A8D60F /* ZRSSIDViewController.m */ = {isa = PBXFileReference; fileEncoding = 4; lastKnownFileType = sourcecode.c.objc; path = ZRSSIDViewController.m; sourceTree = "<group>"; };
		90CBED1C1EA7899E00A8D60F /* ZRifconfigViewController.h */ = {isa = PBXFileReference; fileEncoding = 4; lastKnownFileType = sourcecode.c.h; path = ZRifconfigViewController.h; sourceTree = "<group>"; };
		90CBED1D1EA7899E00A8D60F /* ZRifconfigViewController.m */ = {isa = PBXFileReference; fileEncoding = 4; lastKnownFileType = sourcecode.c.objc; path = ZRifconfigViewController.m; sourceTree = "<group>"; };
		90CBED1F1EA789A800A8D60F /* ZRWifiListTableViewController.h */ = {isa = PBXFileReference; fileEncoding = 4; lastKnownFileType = sourcecode.c.h; path = ZRWifiListTableViewController.h; sourceTree = "<group>"; };
		90CBED201EA789A800A8D60F /* ZRWifiListTableViewController.m */ = {isa = PBXFileReference; fileEncoding = 4; lastKnownFileType = sourcecode.c.objc; path = ZRWifiListTableViewController.m; sourceTree = "<group>"; };
		90D1B65C1EBB387A0037F211 /* NetworkCardsDatabase.json */ = {isa = PBXFileReference; fileEncoding = 4; lastKnownFileType = text.json; path = NetworkCardsDatabase.json; sourceTree = "<group>"; };
/* End PBXFileReference section */

/* Begin PBXFrameworksBuildPhase section */
		90CBECDF1EA77CA500A8D60F /* Frameworks */ = {
			isa = PBXFrameworksBuildPhase;
			buildActionMask = 2147483647;
			files = (
			);
			runOnlyForDeploymentPostprocessing = 0;
		};
/* End PBXFrameworksBuildPhase section */

/* Begin PBXGroup section */
		90B5EA061EBB221E00868A3E /* ArpTable */ = {
			isa = PBXGroup;
			children = (
				90B5EA071EBB221E00868A3E /* ZRArpTableModel.h */,
				90B5EA081EBB221E00868A3E /* ZRArpTableModel.m */,
				90B5EA091EBB221E00868A3E /* ZRArpTableUtil.h */,
				90B5EA0A1EBB221E00868A3E /* ZRArpTableUtil.m */,
				90B5EA0B1EBB221E00868A3E /* ZRArpUtil.h */,
				90B5EA0C1EBB221E00868A3E /* ZRArpUtil.m */,
				90B5EA101EBB223E00868A3E /* ZRMacAddrOperation.h */,
				90B5EA111EBB223E00868A3E /* ZRMacAddrOperation.m */,
				90B5EA131EBB224A00868A3E /* ZRPingOperation.h */,
				90B5EA141EBB224A00868A3E /* ZRPingOperation.m */,
			);
			path = ArpTable;
			sourceTree = "<group>";
		};
		90B5EA181EBB2ADB00868A3E /* SimplePing */ = {
			isa = PBXGroup;
			children = (
				90B5EA191EBB2ADB00868A3E /* SimplePing.h */,
				90B5EA1A1EBB2ADB00868A3E /* SimplePing.m */,
			);
			path = SimplePing;
			sourceTree = "<group>";
		};
		90CBECD91EA77CA500A8D60F = {
			isa = PBXGroup;
			children = (
				90CBECE41EA77CA500A8D60F /* ZRNetworkSignalOC */,
				90CBECE31EA77CA500A8D60F /* Products */,
			);
			sourceTree = "<group>";
		};
		90CBECE31EA77CA500A8D60F /* Products */ = {
			isa = PBXGroup;
			children = (
				90CBECE21EA77CA500A8D60F /* ZRNetworkSignalOC.app */,
			);
			name = Products;
			sourceTree = "<group>";
		};
		90CBECE41EA77CA500A8D60F /* ZRNetworkSignalOC */ = {
			isa = PBXGroup;
			children = (
				90CBED091EA7879300A8D60F /* SourceCode */,
				90CBECE81EA77CA500A8D60F /* AppDelegate.h */,
				90CBECE91EA77CA500A8D60F /* AppDelegate.m */,
				90CBECEB1EA77CA500A8D60F /* MainViewController.h */,
				90CBECEC1EA77CA500A8D60F /* MainViewController.m */,
				90CBED101EA788BE00A8D60F /* ZRCarrierViewController.h */,
				90CBED111EA788BE00A8D60F /* ZRCarrierViewController.m */,
				90CBED131EA7897200A8D60F /* ZRSignalViewController.h */,
				90CBED141EA7897200A8D60F /* ZRSignalViewController.m */,
				90CBED161EA7898300A8D60F /* ZRNetworkSignalViewController.h */,
				90CBED171EA7898300A8D60F /* ZRNetworkSignalViewController.m */,
				90CBED191EA7898E00A8D60F /* ZRSSIDViewController.h */,
				90CBED1A1EA7898E00A8D60F /* ZRSSIDViewController.m */,
				90CBED1C1EA7899E00A8D60F /* ZRifconfigViewController.h */,
				90CBED1D1EA7899E00A8D60F /* ZRifconfigViewController.m */,
				90CBED1F1EA789A800A8D60F /* ZRWifiListTableViewController.h */,
				90CBED201EA789A800A8D60F /* ZRWifiListTableViewController.m */,
				909FED591EA8B6D4007C846D /* ZRARPTableViewController.h */,
				909FED5A1EA8B6D4007C846D /* ZRARPTableViewController.m */,
				90CBECEE1EA77CA500A8D60F /* Main.storyboard */,
				90CBECF11EA77CA500A8D60F /* Assets.xcassets */,
				90CBECF31EA77CA500A8D60F /* LaunchScreen.storyboard */,
				90CBECF61EA77CA500A8D60F /* Info.plist */,
				90CBECE51EA77CA500A8D60F /* Supporting Files */,
			);
			path = ZRNetworkSignalOC;
			sourceTree = "<group>";
		};
		90CBECE51EA77CA500A8D60F /* Supporting Files */ = {
			isa = PBXGroup;
			children = (
				90CBECE61EA77CA500A8D60F /* main.m */,
			);
			name = "Supporting Files";
			sourceTree = "<group>";
		};
		90CBED091EA7879300A8D60F /* SourceCode */ = {
			isa = PBXGroup;
			children = (
				90B5EA181EBB2ADB00868A3E /* SimplePing */,
				90B5EA061EBB221E00868A3E /* ArpTable */,
				90D1B65C1EBB387A0037F211 /* NetworkCardsDatabase.json */,
				909FED521EA8B55C007C846D /* if_arp.h */,
				909FED531EA8B55C007C846D /* if_ether.h */,
				909FED541EA8B55C007C846D /* if_types.h */,
				909FED551EA8B55C007C846D /* route.h */,
				90CBED0A1EA7879300A8D60F /* ifconfig.h */,
				90CBED0B1EA7879300A8D60F /* ifconfig.m */,
				90CBED0C1EA7879300A8D60F /* ZRNetworkConfiguration.h */,
				90CBED0D1EA7879300A8D60F /* ZRNetworkConfiguration.m */,
			);
			path = SourceCode;
			sourceTree = SOURCE_ROOT;
		};
/* End PBXGroup section */

/* Begin PBXNativeTarget section */
		90CBECE11EA77CA500A8D60F /* ZRNetworkSignalOC */ = {
			isa = PBXNativeTarget;
			buildConfigurationList = 90CBECF91EA77CA500A8D60F /* Build configuration list for PBXNativeTarget "ZRNetworkSignalOC" */;
			buildPhases = (
				90CBECDE1EA77CA500A8D60F /* Sources */,
				90CBECDF1EA77CA500A8D60F /* Frameworks */,
				90CBECE01EA77CA500A8D60F /* Resources */,
			);
			buildRules = (
			);
			dependencies = (
			);
			name = ZRNetworkSignalOC;
			productName = ZRNetworkSignalOC;
			productReference = 90CBECE21EA77CA500A8D60F /* ZRNetworkSignalOC.app */;
			productType = "com.apple.product-type.application";
		};
/* End PBXNativeTarget section */

/* Begin PBXProject section */
		90CBECDA1EA77CA500A8D60F /* Project object */ = {
			isa = PBXProject;
			attributes = {
				LastUpgradeCheck = 0830;
				ORGANIZATIONNAME = "Victor Studio.";
				TargetAttributes = {
					90CBECE11EA77CA500A8D60F = {
						CreatedOnToolsVersion = 8.3.1;
						DevelopmentTeam = B873AZ7BS6;
						ProvisioningStyle = Automatic;
					};
				};
			};
			buildConfigurationList = 90CBECDD1EA77CA500A8D60F /* Build configuration list for PBXProject "ZRNetworkSignalOC" */;
			compatibilityVersion = "Xcode 3.2";
			developmentRegion = English;
			hasScannedForEncodings = 0;
			knownRegions = (
				en,
				Base,
			);
			mainGroup = 90CBECD91EA77CA500A8D60F;
			productRefGroup = 90CBECE31EA77CA500A8D60F /* Products */;
			projectDirPath = "";
			projectRoot = "";
			targets = (
				90CBECE11EA77CA500A8D60F /* ZRNetworkSignalOC */,
			);
		};
/* End PBXProject section */

/* Begin PBXResourcesBuildPhase section */
		90CBECE01EA77CA500A8D60F /* Resources */ = {
			isa = PBXResourcesBuildPhase;
			buildActionMask = 2147483647;
			files = (
				90CBECF51EA77CA500A8D60F /* LaunchScreen.storyboard in Resources */,
				90CBECF21EA77CA500A8D60F /* Assets.xcassets in Resources */,
				90D1B65D1EBB387A0037F211 /* NetworkCardsDatabase.json in Resources */,
				90CBECF01EA77CA500A8D60F /* Main.storyboard in Resources */,
			);
			runOnlyForDeploymentPostprocessing = 0;
		};
/* End PBXResourcesBuildPhase section */

/* Begin PBXSourcesBuildPhase section */
		90CBECDE1EA77CA500A8D60F /* Sources */ = {
			isa = PBXSourcesBuildPhase;
			buildActionMask = 2147483647;
			files = (
				90CBED0F1EA7879300A8D60F /* ZRNetworkConfiguration.m in Sources */,
				90B5EA0F1EBB221E00868A3E /* ZRArpUtil.m in Sources */,
				909FED5B1EA8B6D4007C846D /* ZRARPTableViewController.m in Sources */,
				90B5EA1B1EBB2ADB00868A3E /* SimplePing.m in Sources */,
				90B5EA0D1EBB221E00868A3E /* ZRArpTableModel.m in Sources */,
				90CBED121EA788BE00A8D60F /* ZRCarrierViewController.m in Sources */,
				90B5EA0E1EBB221E00868A3E /* ZRArpTableUtil.m in Sources */,
				90CBECED1EA77CA500A8D60F /* MainViewController.m in Sources */,
				90CBECEA1EA77CA500A8D60F /* AppDelegate.m in Sources */,
				90B5EA121EBB223E00868A3E /* ZRMacAddrOperation.m in Sources */,
				90CBED0E1EA7879300A8D60F /* ifconfig.m in Sources */,
				90CBED211EA789A800A8D60F /* ZRWifiListTableViewController.m in Sources */,
				90CBED181EA7898300A8D60F /* ZRNetworkSignalViewController.m in Sources */,
				90CBED151EA7897200A8D60F /* ZRSignalViewController.m in Sources */,
				90CBED1B1EA7898E00A8D60F /* ZRSSIDViewController.m in Sources */,
				90B5EA151EBB224A00868A3E /* ZRPingOperation.m in Sources */,
				90CBECE71EA77CA500A8D60F /* main.m in Sources */,
				90CBED1E1EA7899E00A8D60F /* ZRifconfigViewController.m in Sources */,
			);
			runOnlyForDeploymentPostprocessing = 0;
		};
/* End PBXSourcesBuildPhase section */

/* Begin PBXVariantGroup section */
		90CBECEE1EA77CA500A8D60F /* Main.storyboard */ = {
			isa = PBXVariantGroup;
			children = (
				90CBECEF1EA77CA500A8D60F /* Base */,
			);
			name = Main.storyboard;
			sourceTree = "<group>";
		};
		90CBECF31EA77CA500A8D60F /* LaunchScreen.storyboard */ = {
			isa = PBXVariantGroup;
			children = (
				90CBECF41EA77CA500A8D60F /* Base */,
			);
			name = LaunchScreen.storyboard;
			sourceTree = "<group>";
		};
/* End PBXVariantGroup section */

/* Begin XCBuildConfiguration section */
		90CBECF71EA77CA500A8D60F /* Debug */ = {
			isa = XCBuildConfiguration;
			buildSettings = {
				ALWAYS_SEARCH_USER_PATHS = NO;
				CLANG_ANALYZER_NONNULL = YES;
				CLANG_ANALYZER_NUMBER_OBJECT_CONVERSION = YES_AGGRESSIVE;
				CLANG_CXX_LANGUAGE_STANDARD = "gnu++0x";
				CLANG_CXX_LIBRARY = "libc++";
				CLANG_ENABLE_MODULES = YES;
				CLANG_ENABLE_OBJC_ARC = YES;
				CLANG_WARN_BOOL_CONVERSION = YES;
				CLANG_WARN_CONSTANT_CONVERSION = YES;
				CLANG_WARN_DIRECT_OBJC_ISA_USAGE = YES_ERROR;
				CLANG_WARN_DOCUMENTATION_COMMENTS = YES;
				CLANG_WARN_EMPTY_BODY = YES;
				CLANG_WARN_ENUM_CONVERSION = YES;
				CLANG_WARN_INFINITE_RECURSION = YES;
				CLANG_WARN_INT_CONVERSION = YES;
				CLANG_WARN_OBJC_ROOT_CLASS = YES_ERROR;
				CLANG_WARN_SUSPICIOUS_MOVE = YES;
				CLANG_WARN_UNREACHABLE_CODE = YES;
				CLANG_WARN__DUPLICATE_METHOD_MATCH = YES;
				"CODE_SIGN_IDENTITY[sdk=iphoneos*]" = "iPhone Developer";
				COPY_PHASE_STRIP = NO;
				DEBUG_INFORMATION_FORMAT = dwarf;
				ENABLE_STRICT_OBJC_MSGSEND = YES;
				ENABLE_TESTABILITY = YES;
				GCC_C_LANGUAGE_STANDARD = gnu99;
				GCC_DYNAMIC_NO_PIC = NO;
				GCC_NO_COMMON_BLOCKS = YES;
				GCC_OPTIMIZATION_LEVEL = 0;
				GCC_PREPROCESSOR_DEFINITIONS = (
					"DEBUG=1",
					"$(inherited)",
				);
				GCC_WARN_64_TO_32_BIT_CONVERSION = YES;
				GCC_WARN_ABOUT_RETURN_TYPE = YES_ERROR;
				GCC_WARN_UNDECLARED_SELECTOR = YES;
				GCC_WARN_UNINITIALIZED_AUTOS = YES_AGGRESSIVE;
				GCC_WARN_UNUSED_FUNCTION = YES;
				GCC_WARN_UNUSED_VARIABLE = YES;
				IPHONEOS_DEPLOYMENT_TARGET = 10.3;
				MTL_ENABLE_DEBUG_INFO = YES;
				ONLY_ACTIVE_ARCH = YES;
				SDKROOT = iphoneos;
			};
			name = Debug;
		};
		90CBECF81EA77CA500A8D60F /* Release */ = {
			isa = XCBuildConfiguration;
			buildSettings = {
				ALWAYS_SEARCH_USER_PATHS = NO;
				CLANG_ANALYZER_NONNULL = YES;
				CLANG_ANALYZER_NUMBER_OBJECT_CONVERSION = YES_AGGRESSIVE;
				CLANG_CXX_LANGUAGE_STANDARD = "gnu++0x";
				CLANG_CXX_LIBRARY = "libc++";
				CLANG_ENABLE_MODULES = YES;
				CLANG_ENABLE_OBJC_ARC = YES;
				CLANG_WARN_BOOL_CONVERSION = YES;
				CLANG_WARN_CONSTANT_CONVERSION = YES;
				CLANG_WARN_DIRECT_OBJC_ISA_USAGE = YES_ERROR;
				CLANG_WARN_DOCUMENTATION_COMMENTS = YES;
				CLANG_WARN_EMPTY_BODY = YES;
				CLANG_WARN_ENUM_CONVERSION = YES;
				CLANG_WARN_INFINITE_RECURSION = YES;
				CLANG_WARN_INT_CONVERSION = YES;
				CLANG_WARN_OBJC_ROOT_CLASS = YES_ERROR;
				CLANG_WARN_SUSPICIOUS_MOVE = YES;
				CLANG_WARN_UNREACHABLE_CODE = YES;
				CLANG_WARN__DUPLICATE_METHOD_MATCH = YES;
				"CODE_SIGN_IDENTITY[sdk=iphoneos*]" = "iPhone Developer";
				COPY_PHASE_STRIP = NO;
				DEBUG_INFORMATION_FORMAT = "dwarf-with-dsym";
				ENABLE_NS_ASSERTIONS = NO;
				ENABLE_STRICT_OBJC_MSGSEND = YES;
				GCC_C_LANGUAGE_STANDARD = gnu99;
				GCC_NO_COMMON_BLOCKS = YES;
				GCC_WARN_64_TO_32_BIT_CONVERSION = YES;
				GCC_WARN_ABOUT_RETURN_TYPE = YES_ERROR;
				GCC_WARN_UNDECLARED_SELECTOR = YES;
				GCC_WARN_UNINITIALIZED_AUTOS = YES_AGGRESSIVE;
				GCC_WARN_UNUSED_FUNCTION = YES;
				GCC_WARN_UNUSED_VARIABLE = YES;
				IPHONEOS_DEPLOYMENT_TARGET = 10.3;
				MTL_ENABLE_DEBUG_INFO = NO;
				SDKROOT = iphoneos;
				VALIDATE_PRODUCT = YES;
			};
			name = Release;
		};
		90CBECFA1EA77CA500A8D60F /* Debug */ = {
			isa = XCBuildConfiguration;
			buildSettings = {
				ASSETCATALOG_COMPILER_APPICON_NAME = AppIcon;
				DEVELOPMENT_TEAM = B873AZ7BS6;
				INFOPLIST_FILE = ZRNetworkSignalOC/Info.plist;
				IPHONEOS_DEPLOYMENT_TARGET = 7.0;
				LD_RUNPATH_SEARCH_PATHS = "$(inherited) @executable_path/Frameworks";
				PRODUCT_BUNDLE_IDENTIFIER = com.victor.studio.ZRNetworkSignalOC;
				PRODUCT_NAME = "$(TARGET_NAME)";
			};
			name = Debug;
		};
		90CBECFB1EA77CA500A8D60F /* Release */ = {
			isa = XCBuildConfiguration;
			buildSettings = {
				ASSETCATALOG_COMPILER_APPICON_NAME = AppIcon;
				DEVELOPMENT_TEAM = B873AZ7BS6;
				INFOPLIST_FILE = ZRNetworkSignalOC/Info.plist;
				IPHONEOS_DEPLOYMENT_TARGET = 7.0;
				LD_RUNPATH_SEARCH_PATHS = "$(inherited) @executable_path/Frameworks";
				PRODUCT_BUNDLE_IDENTIFIER = com.victor.studio.ZRNetworkSignalOC;
				PRODUCT_NAME = "$(TARGET_NAME)";
			};
			name = Release;
		};
/* End XCBuildConfiguration section */

/* Begin XCConfigurationList section */
		90CBECDD1EA77CA500A8D60F /* Build configuration list for PBXProject "ZRNetworkSignalOC" */ = {
			isa = XCConfigurationList;
			buildConfigurations = (
				90CBECF71EA77CA500A8D60F /* Debug */,
				90CBECF81EA77CA500A8D60F /* Release */,
			);
			defaultConfigurationIsVisible = 0;
			defaultConfigurationName = Release;
		};
		90CBECF91EA77CA500A8D60F /* Build configuration list for PBXNativeTarget "ZRNetworkSignalOC" */ = {
			isa = XCConfigurationList;
			buildConfigurations = (
				90CBECFA1EA77CA500A8D60F /* Debug */,
				90CBECFB1EA77CA500A8D60F /* Release */,
			);
			defaultConfigurationIsVisible = 0;
			defaultConfigurationName = Release;
		};
/* End XCConfigurationList section */
	};
	rootObject = 90CBECDA1EA77CA500A8D60F /* Project object */;
}
